
Microsoft Visual Studio Solution File, Format Version 12.00
# Visual Studio 15
VisualStudioVersion = 15.0.28010.2048
MinimumVisualStudioVersion = 10.0.40219.1
Project("{9A19103F-16F7-4668-BE54-9A1E7A4F7556}") = "ScriptExecutor.Server", "ScriptExecutor.Server\ScriptExecutor.Server.csproj", "{0248A1D6-8F94-4559-8855-EFB6D62FBE76}"
EndProject
Project("{9A19103F-16F7-4668-BE54-9A1E7A4F7556}") = "ScriptExecutor.Client", "ScriptExecutor.Client\ScriptExecutor.Client.csproj", "{86849D17-3A5B-4BF9-B841-596C7AD5C97B}"
EndProject
Project("{9A19103F-16F7-4668-BE54-9A1E7A4F7556}") = "ScriptExecutor.Shared", "ScriptExecutor.Shared\ScriptExecutor.Shared.csproj", "{F464C4C4-5592-4946-809D-0004088FA706}"
EndProject
Project("{9A19103F-16F7-4668-BE54-9A1E7A4F7556}") = "SimpleGrammar", "SimpleGrammar\SimpleGrammar.csproj", "{C65939D0-1C48-462D-ABCE-89494B1F5DB0}"
EndProject
Project("{FAE04EC0-301F-11D3-BF4B-00C04F79EFBC}") = "SimpleGrammar.Tests", "SimpleGrammar.Tests\SimpleGrammar.Tests.csproj", "{6B68D04A-0D36-42EE-8751-3AE80B6B5868}"
EndProject
Global
	GlobalSection(SolutionConfigurationPlatforms) = preSolution
		Debug|Any CPU = Debug|Any CPU
		Release|Any CPU = Release|Any CPU
	EndGlobalSection
	GlobalSection(ProjectConfigurationPlatforms) = postSolution
		{0248A1D6-8F94-4559-8855-EFB6D62FBE76}.Debug|Any CPU.ActiveCfg = Debug|Any CPU
		{0248A1D6-8F94-4559-8855-EFB6D62FBE76}.Debug|Any CPU.Build.0 = Debug|Any CPU
		{0248A1D6-8F94-4559-8855-EFB6D62FBE76}.Release|Any CPU.ActiveCfg = Release|Any CPU
		{0248A1D6-8F94-4559-8855-EFB6D62FBE76}.Release|Any CPU.Build.0 = Release|Any CPU
		{86849D17-3A5B-4BF9-B841-596C7AD5C97B}.Debug|Any CPU.ActiveCfg = Debug|Any CPU
		{86849D17-3A5B-4BF9-B841-596C7AD5C97B}.Debug|Any CPU.Build.0 = Debug|Any CPU
		{86849D17-3A5B-4BF9-B841-596C7AD5C97B}.Release|Any CPU.ActiveCfg = Release|Any CPU
		{86849D17-3A5B-4BF9-B841-596C7AD5C97B}.Release|Any CPU.Build.0 = Release|Any CPU
		{F464C4C4-5592-4946-809D-0004088FA706}.Debug|Any CPU.ActiveCfg = Debug|Any CPU
		{F464C4C4-5592-4946-809D-0004088FA706}.Debug|Any CPU.Build.0 = Debug|Any CPU
		{F464C4C4-5592-4946-809D-0004088FA706}.Release|Any CPU.ActiveCfg = Release|Any CPU
		{F464C4C4-5592-4946-809D-0004088FA706}.Release|Any CPU.Build.0 = Release|Any CPU
		{C65939D0-1C48-462D-ABCE-89494B1F5DB0}.Debug|Any CPU.ActiveCfg = Debug|Any CPU
		{C65939D0-1C48-462D-ABCE-89494B1F5DB0}.Debug|Any CPU.Build.0 = Debug|Any CPU
		{C65939D0-1C48-462D-ABCE-89494B1F5DB0}.Release|Any CPU.ActiveCfg = Release|Any CPU
		{C65939D0-1C48-462D-ABCE-89494B1F5DB0}.Release|Any CPU.Build.0 = Release|Any CPU
		{6B68D04A-0D36-42EE-8751-3AE80B6B5868}.Debug|Any CPU.ActiveCfg = Debug|Any CPU
		{6B68D04A-0D36-42EE-8751-3AE80B6B5868}.Debug|Any CPU.Build.0 = Debug|Any CPU
		{6B68D04A-0D36-42EE-8751-3AE80B6B5868}.Release|Any CPU.ActiveCfg = Release|Any CPU
		{6B68D04A-0D36-42EE-8751-3AE80B6B5868}.Release|Any CPU.Build.0 = Release|Any CPU
	EndGlobalSection
	GlobalSection(SolutionProperties) = preSolution
		HideSolutionNode = FALSE
	EndGlobalSection
	GlobalSection(ExtensibilityGlobals) = postSolution
		SolutionGuid = {9D5ED535-3B16-445A-8244-07EBB722D138}
	EndGlobalSection
EndGlobal
